PODS:
  - ChameleonFramework/Default (2.0.4)
  - ChameleonFramework/Swift (2.0.4):
    - ChameleonFramework/Default
  - Charts (2.1.5)

DEPENDENCIES:
  - ChameleonFramework/Swift
  - Charts (~> 2.1)

SPEC CHECKSUMS:
  ChameleonFramework: 5abe69b1f2a6cc79c3c435fcd9d3d855748225ee
  Charts: d2c4099ed2b7e8c35df9561386bb6e3ca6608ba6

COCOAPODS: 0.39.0
